<?xml version="1.0" encoding="utf-8"?>
<Project ToolsVersion="4.0" xmlns="http://schemas.microsoft.com/developer/msbuild/2003">
  <ItemGroup>
    <Filter Include="Engine">
      <UniqueIdentifier>{1b16fe88-3df8-4e4c-8175-62a3a2320e86}</UniqueIdentifier>
    </Filter>
    <Filter Include="Game">
      <UniqueIdentifier>{89bec81c-2769-482e-b4d9-d37c139f72cd}</UniqueIdentifier>
    </Filter>
    <Filter Include="Engine\WindowSystem">
      <UniqueIdentifier>{3f0b2bbe-f799-456a-9b1b-e4e56adec806}</UniqueIdentifier>
    </Filter>
  </ItemGroup>
  <ItemGroup>
    <ClCompile Include="src\Main.cpp">
      <Filter>Game</Filter>
    </ClCompile>
    <ClCompile Include="src\Window.cpp">
      <Filter>Engine</Filter>
    </ClCompile>
    <ClCompile Include="src\AppWindow.cpp">
      <Filter>Game</Filter>
    </ClCompile>
  </ItemGroup>
  <ItemGroup>
    <ClInclude Include="src\Window.h">
      <Filter>Engine</Filter>
    </ClInclude>
    <ClInclude Include="src\AppWindow.h">
      <Filter>Game</Filter>
    </ClInclude>
  </ItemGroup>
</Project>