<?xml version="1.0" encoding="utf-8"?>
<Project ToolsVersion="4.0" xmlns="http://schemas.microsoft.com/developer/msbuild/2003">
  <ItemGroup>
    <Filter Include="Game">
      <UniqueIdentifier>{89bec81c-2769-482e-b4d9-d37c139f72cd}</UniqueIdentifier>
    </Filter>
    <Filter Include="GameEngine">
      <UniqueIdentifier>{1b16fe88-3df8-4e4c-8175-62a3a2320e86}</UniqueIdentifier>
    </Filter>
    <Filter Include="GameEngine\WindowSystem">
      <UniqueIdentifier>{3f0b2bbe-f799-456a-9b1b-e4e56adec806}</UniqueIdentifier>
    </Filter>
    <Filter Include="GameEngine\GraphicsEngine">
      <UniqueIdentifier>{605ff827-a5f2-4bd9-823a-70ff2bcb57cf}</UniqueIdentifier>
    </Filter>
    <Filter Include="GameEngine\GraphicsEngine\SwapChain">
      <UniqueIdentifier>{4682dd0f-3ade-4ee7-9c11-bb632cd1fcdc}</UniqueIdentifier>
    </Filter>
  </ItemGroup>
  <ItemGroup>
    <ClCompile Include="src\Main.cpp">
      <Filter>Game</Filter>
    </ClCompile>
    <ClCompile Include="src\AppWindow.cpp">
      <Filter>Game</Filter>
    </ClCompile>
    <ClCompile Include="src\Window.cpp">
      <Filter>GameEngine\WindowSystem</Filter>
    </ClCompile>
    <ClCompile Include="src\GraphicsEngine.cpp">
      <Filter>GameEngine\GraphicsEngine</Filter>
    </ClCompile>
    <ClCompile Include="src\SwapChain.cpp">
      <Filter>GameEngine\GraphicsEngine\SwapChain</Filter>
    </ClCompile>
    <ClCompile Include="src\Utils.cpp">
      <Filter>GameEngine</Filter>
    </ClCompile>
  </ItemGroup>
  <ItemGroup>
    <ClInclude Include="src\AppWindow.h">
      <Filter>Game</Filter>
    </ClInclude>
    <ClInclude Include="src\Window.h">
      <Filter>GameEngine\WindowSystem</Filter>
    </ClInclude>
    <ClInclude Include="src\GraphicsEngine.h">
      <Filter>GameEngine\GraphicsEngine</Filter>
    </ClInclude>
    <ClInclude Include="src\SwapChain.h">
      <Filter>GameEngine\GraphicsEngine\SwapChain</Filter>
    </ClInclude>
    <ClInclude Include="src\Utils.h">
      <Filter>GameEngine</Filter>
    </ClInclude>
  </ItemGroup>
</Project>